
Microsoft Visual Studio Solution File, Format Version 12.00
# Visual Studio 2015
Project("{FAE04EC0-301F-11D3-BF4B-00C04F79EFBC}") = "unity-vision-demo", "unity-vision-demo.csproj", "{7E7735E2-E192-47E1-F458-1D10CCBB78CA}"
EndProject
Project("{FAE04EC0-301F-11D3-BF4B-00C04F79EFBC}") = "unity-vision-demo.Editor", "unity-vision-demo.Editor.csproj", "{A6C8CFB5-BFB1-4580-DB92-A59AE8FC9526}"
EndProject
Global
	GlobalSection(SolutionConfigurationPlatforms) = preSolution
		Debug|Any CPU = Debug|Any CPU
		Release|Any CPU = Release|Any CPU
	EndGlobalSection
	GlobalSection(ProjectConfigurationPlatforms) = postSolution
		{7E7735E2-E192-47E1-F458-1D10CCBB78CA}.Debug|Any CPU.ActiveCfg = Debug|Any CPU
		{7E7735E2-E192-47E1-F458-1D10CCBB78CA}.Debug|Any CPU.Build.0 = Debug|Any CPU
		{7E7735E2-E192-47E1-F458-1D10CCBB78CA}.Release|Any CPU.ActiveCfg = Release|Any CPU
		{7E7735E2-E192-47E1-F458-1D10CCBB78CA}.Release|Any CPU.Build.0 = Release|Any CPU
		{A6C8CFB5-BFB1-4580-DB92-A59AE8FC9526}.Debug|Any CPU.ActiveCfg = Debug|Any CPU
		{A6C8CFB5-BFB1-4580-DB92-A59AE8FC9526}.Debug|Any CPU.Build.0 = Debug|Any CPU
		{A6C8CFB5-BFB1-4580-DB92-A59AE8FC9526}.Release|Any CPU.ActiveCfg = Release|Any CPU
		{A6C8CFB5-BFB1-4580-DB92-A59AE8FC9526}.Release|Any CPU.Build.0 = Release|Any CPU
	EndGlobalSection
	GlobalSection(SolutionProperties) = preSolution
		HideSolutionNode = FALSE
	EndGlobalSection
EndGlobal
